
Microsoft Visual Studio Solution File, Format Version 12.00
# Visual Studio Version 17
VisualStudioVersion = 17.0.31903.59
MinimumVisualStudioVersion = 10.0.40219.1
Project("{2150E333-8FDC-42A3-9474-1A3956D46DE8}") = "src", "src", "{827E0CD3-B72D-47B6-A68D-7590B98EB39B}"
EndProject
Project("{FAE04EC0-301F-11D3-BF4B-00C04F79EFBC}") = "TurboSynthesizer.Core", "src\TurboSynthesizer.Core\TurboSynthesizer.Core.csproj", "{B11ED74A-8BC5-4C2B-A152-5AD1BA3243CC}"
EndProject
Project("{FAE04EC0-301F-11D3-BF4B-00C04F79EFBC}") = "TurboSynthesizer.Audio", "src\TurboSynthesizer.Audio\TurboSynthesizer.Audio.csproj", "{E8D7B89D-2E9D-445D-A49A-551D5D83C9A0}"
EndProject
Project("{FAE04EC0-301F-11D3-BF4B-00C04F79EFBC}") = "TurboSynthesizer.Data", "src\TurboSynthesizer.Data\TurboSynthesizer.Data.csproj", "{163AE699-47B3-464A-A5E4-44AF3E48FC6B}"
EndProject
Project("{FAE04EC0-301F-11D3-BF4B-00C04F79EFBC}") = "TurboSynthesizer.UI", "src\TurboSynthesizer.UI\TurboSynthesizer.UI.csproj", "{B67F768D-F521-4DDB-92A9-65AD14D38CAD}"
EndProject
Project("{2150E333-8FDC-42A3-9474-1A3956D46DE8}") = "tests", "tests", "{0AB3BF05-4346-4AA6-1389-037BE0695223}"
EndProject
Project("{FAE04EC0-301F-11D3-BF4B-00C04F79EFBC}") = "TurboSynthesizer.Core.Tests", "tests\TurboSynthesizer.Core.Tests\TurboSynthesizer.Core.Tests.csproj", "{FD0DF686-B8F4-4A0E-A049-2FF8C1C32CE5}"
EndProject
Project("{FAE04EC0-301F-11D3-BF4B-00C04F79EFBC}") = "TurboSynthesizer.Audio.Tests", "tests\TurboSynthesizer.Audio.Tests\TurboSynthesizer.Audio.Tests.csproj", "{21B18EE6-9E5C-4CD1-9BD7-FDAF88870E0E}"
EndProject
Project("{FAE04EC0-301F-11D3-BF4B-00C04F79EFBC}") = "TurboSynthesizer.UI.Tests", "tests\TurboSynthesizer.UI.Tests\TurboSynthesizer.UI.Tests.csproj", "{4BDB62E3-E4A0-4DC0-9423-B4E2B9599069}"
EndProject
Global
	GlobalSection(SolutionConfigurationPlatforms) = preSolution
		Debug|Any CPU = Debug|Any CPU
		Debug|x64 = Debug|x64
		Debug|x86 = Debug|x86
		Release|Any CPU = Release|Any CPU
		Release|x64 = Release|x64
		Release|x86 = Release|x86
	EndGlobalSection
	GlobalSection(ProjectConfigurationPlatforms) = postSolution
		{B11ED74A-8BC5-4C2B-A152-5AD1BA3243CC}.Debug|Any CPU.ActiveCfg = Debug|Any CPU
		{B11ED74A-8BC5-4C2B-A152-5AD1BA3243CC}.Debug|Any CPU.Build.0 = Debug|Any CPU
		{B11ED74A-8BC5-4C2B-A152-5AD1BA3243CC}.Debug|x64.ActiveCfg = Debug|Any CPU
		{B11ED74A-8BC5-4C2B-A152-5AD1BA3243CC}.Debug|x64.Build.0 = Debug|Any CPU
		{B11ED74A-8BC5-4C2B-A152-5AD1BA3243CC}.Debug|x86.ActiveCfg = Debug|Any CPU
		{B11ED74A-8BC5-4C2B-A152-5AD1BA3243CC}.Debug|x86.Build.0 = Debug|Any CPU
		{B11ED74A-8BC5-4C2B-A152-5AD1BA3243CC}.Release|Any CPU.ActiveCfg = Release|Any CPU
		{B11ED74A-8BC5-4C2B-A152-5AD1BA3243CC}.Release|Any CPU.Build.0 = Release|Any CPU
		{B11ED74A-8BC5-4C2B-A152-5AD1BA3243CC}.Release|x64.ActiveCfg = Release|Any CPU
		{B11ED74A-8BC5-4C2B-A152-5AD1BA3243CC}.Release|x64.Build.0 = Release|Any CPU
		{B11ED74A-8BC5-4C2B-A152-5AD1BA3243CC}.Release|x86.ActiveCfg = Release|Any CPU
		{B11ED74A-8BC5-4C2B-A152-5AD1BA3243CC}.Release|x86.Build.0 = Release|Any CPU
		{E8D7B89D-2E9D-445D-A49A-551D5D83C9A0}.Debug|Any CPU.ActiveCfg = Debug|Any CPU
		{E8D7B89D-2E9D-445D-A49A-551D5D83C9A0}.Debug|Any CPU.Build.0 = Debug|Any CPU
		{E8D7B89D-2E9D-445D-A49A-551D5D83C9A0}.Debug|x64.ActiveCfg = Debug|Any CPU
		{E8D7B89D-2E9D-445D-A49A-551D5D83C9A0}.Debug|x64.Build.0 = Debug|Any CPU
		{E8D7B89D-2E9D-445D-A49A-551D5D83C9A0}.Debug|x86.ActiveCfg = Debug|Any CPU
		{E8D7B89D-2E9D-445D-A49A-551D5D83C9A0}.Debug|x86.Build.0 = Debug|Any CPU
		{E8D7B89D-2E9D-445D-A49A-551D5D83C9A0}.Release|Any CPU.ActiveCfg = Release|Any CPU
		{E8D7B89D-2E9D-445D-A49A-551D5D83C9A0}.Release|Any CPU.Build.0 = Release|Any CPU
		{E8D7B89D-2E9D-445D-A49A-551D5D83C9A0}.Release|x64.ActiveCfg = Release|Any CPU
		{E8D7B89D-2E9D-445D-A49A-551D5D83C9A0}.Release|x64.Build.0 = Release|Any CPU
		{E8D7B89D-2E9D-445D-A49A-551D5D83C9A0}.Release|x86.ActiveCfg = Release|Any CPU
		{E8D7B89D-2E9D-445D-A49A-551D5D83C9A0}.Release|x86.Build.0 = Release|Any CPU
		{163AE699-47B3-464A-A5E4-44AF3E48FC6B}.Debug|Any CPU.ActiveCfg = Debug|Any CPU
		{163AE699-47B3-464A-A5E4-44AF3E48FC6B}.Debug|Any CPU.Build.0 = Debug|Any CPU
		{163AE699-47B3-464A-A5E4-44AF3E48FC6B}.Debug|x64.ActiveCfg = Debug|Any CPU
		{163AE699-47B3-464A-A5E4-44AF3E48FC6B}.Debug|x64.Build.0 = Debug|Any CPU
		{163AE699-47B3-464A-A5E4-44AF3E48FC6B}.Debug|x86.ActiveCfg = Debug|Any CPU
		{163AE699-47B3-464A-A5E4-44AF3E48FC6B}.Debug|x86.Build.0 = Debug|Any CPU
		{163AE699-47B3-464A-A5E4-44AF3E48FC6B}.Release|Any CPU.ActiveCfg = Release|Any CPU
		{163AE699-47B3-464A-A5E4-44AF3E48FC6B}.Release|Any CPU.Build.0 = Release|Any CPU
		{163AE699-47B3-464A-A5E4-44AF3E48FC6B}.Release|x64.ActiveCfg = Release|Any CPU
		{163AE699-47B3-464A-A5E4-44AF3E48FC6B}.Release|x64.Build.0 = Release|Any CPU
		{163AE699-47B3-464A-A5E4-44AF3E48FC6B}.Release|x86.ActiveCfg = Release|Any CPU
		{163AE699-47B3-464A-A5E4-44AF3E48FC6B}.Release|x86.Build.0 = Release|Any CPU
		{B67F768D-F521-4DDB-92A9-65AD14D38CAD}.Debug|Any CPU.ActiveCfg = Debug|Any CPU
		{B67F768D-F521-4DDB-92A9-65AD14D38CAD}.Debug|Any CPU.Build.0 = Debug|Any CPU
		{B67F768D-F521-4DDB-92A9-65AD14D38CAD}.Debug|x64.ActiveCfg = Debug|Any CPU
		{B67F768D-F521-4DDB-92A9-65AD14D38CAD}.Debug|x64.Build.0 = Debug|Any CPU
		{B67F768D-F521-4DDB-92A9-65AD14D38CAD}.Debug|x86.ActiveCfg = Debug|Any CPU
		{B67F768D-F521-4DDB-92A9-65AD14D38CAD}.Debug|x86.Build.0 = Debug|Any CPU
		{B67F768D-F521-4DDB-92A9-65AD14D38CAD}.Release|Any CPU.ActiveCfg = Release|Any CPU
		{B67F768D-F521-4DDB-92A9-65AD14D38CAD}.Release|Any CPU.Build.0 = Release|Any CPU
		{B67F768D-F521-4DDB-92A9-65AD14D38CAD}.Release|x64.ActiveCfg = Release|Any CPU
		{B67F768D-F521-4DDB-92A9-65AD14D38CAD}.Release|x64.Build.0 = Release|Any CPU
		{B67F768D-F521-4DDB-92A9-65AD14D38CAD}.Release|x86.ActiveCfg = Release|Any CPU
		{B67F768D-F521-4DDB-92A9-65AD14D38CAD}.Release|x86.Build.0 = Release|Any CPU
		{FD0DF686-B8F4-4A0E-A049-2FF8C1C32CE5}.Debug|Any CPU.ActiveCfg = Debug|Any CPU
		{FD0DF686-B8F4-4A0E-A049-2FF8C1C32CE5}.Debug|Any CPU.Build.0 = Debug|Any CPU
		{FD0DF686-B8F4-4A0E-A049-2FF8C1C32CE5}.Debug|x64.ActiveCfg = Debug|Any CPU
		{FD0DF686-B8F4-4A0E-A049-2FF8C1C32CE5}.Debug|x64.Build.0 = Debug|Any CPU
		{FD0DF686-B8F4-4A0E-A049-2FF8C1C32CE5}.Debug|x86.ActiveCfg = Debug|Any CPU
		{FD0DF686-B8F4-4A0E-A049-2FF8C1C32CE5}.Debug|x86.Build.0 = Debug|Any CPU
		{FD0DF686-B8F4-4A0E-A049-2FF8C1C32CE5}.Release|Any CPU.ActiveCfg = Release|Any CPU
		{FD0DF686-B8F4-4A0E-A049-2FF8C1C32CE5}.Release|Any CPU.Build.0 = Release|Any CPU
		{FD0DF686-B8F4-4A0E-A049-2FF8C1C32CE5}.Release|x64.ActiveCfg = Release|Any CPU
		{FD0DF686-B8F4-4A0E-A049-2FF8C1C32CE5}.Release|x64.Build.0 = Release|Any CPU
		{FD0DF686-B8F4-4A0E-A049-2FF8C1C32CE5}.Release|x86.ActiveCfg = Release|Any CPU
		{FD0DF686-B8F4-4A0E-A049-2FF8C1C32CE5}.Release|x86.Build.0 = Release|Any CPU
		{21B18EE6-9E5C-4CD1-9BD7-FDAF88870E0E}.Debug|Any CPU.ActiveCfg = Debug|Any CPU
		{21B18EE6-9E5C-4CD1-9BD7-FDAF88870E0E}.Debug|Any CPU.Build.0 = Debug|Any CPU
		{21B18EE6-9E5C-4CD1-9BD7-FDAF88870E0E}.Debug|x64.ActiveCfg = Debug|Any CPU
		{21B18EE6-9E5C-4CD1-9BD7-FDAF88870E0E}.Debug|x64.Build.0 = Debug|Any CPU
		{21B18EE6-9E5C-4CD1-9BD7-FDAF88870E0E}.Debug|x86.ActiveCfg = Debug|Any CPU
		{21B18EE6-9E5C-4CD1-9BD7-FDAF88870E0E}.Debug|x86.Build.0 = Debug|Any CPU
		{21B18EE6-9E5C-4CD1-9BD7-FDAF88870E0E}.Release|Any CPU.ActiveCfg = Release|Any CPU
		{21B18EE6-9E5C-4CD1-9BD7-FDAF88870E0E}.Release|Any CPU.Build.0 = Release|Any CPU
		{21B18EE6-9E5C-4CD1-9BD7-FDAF88870E0E}.Release|x64.ActiveCfg = Release|Any CPU
		{21B18EE6-9E5C-4CD1-9BD7-FDAF88870E0E}.Release|x64.Build.0 = Release|Any CPU
		{21B18EE6-9E5C-4CD1-9BD7-FDAF88870E0E}.Release|x86.ActiveCfg = Release|Any CPU
		{21B18EE6-9E5C-4CD1-9BD7-FDAF88870E0E}.Release|x86.Build.0 = Release|Any CPU
		{4BDB62E3-E4A0-4DC0-9423-B4E2B9599069}.Debug|Any CPU.ActiveCfg = Debug|Any CPU
		{4BDB62E3-E4A0-4DC0-9423-B4E2B9599069}.Debug|Any CPU.Build.0 = Debug|Any CPU
		{4BDB62E3-E4A0-4DC0-9423-B4E2B9599069}.Debug|x64.ActiveCfg = Debug|Any CPU
		{4BDB62E3-E4A0-4DC0-9423-B4E2B9599069}.Debug|x64.Build.0 = Debug|Any CPU
		{4BDB62E3-E4A0-4DC0-9423-B4E2B9599069}.Debug|x86.ActiveCfg = Debug|Any CPU
		{4BDB62E3-E4A0-4DC0-9423-B4E2B9599069}.Debug|x86.Build.0 = Debug|Any CPU
		{4BDB62E3-E4A0-4DC0-9423-B4E2B9599069}.Release|Any CPU.ActiveCfg = Release|Any CPU
		{4BDB62E3-E4A0-4DC0-9423-B4E2B9599069}.Release|Any CPU.Build.0 = Release|Any CPU
		{4BDB62E3-E4A0-4DC0-9423-B4E2B9599069}.Release|x64.ActiveCfg = Release|Any CPU
		{4BDB62E3-E4A0-4DC0-9423-B4E2B9599069}.Release|x64.Build.0 = Release|Any CPU
		{4BDB62E3-E4A0-4DC0-9423-B4E2B9599069}.Release|x86.ActiveCfg = Release|Any CPU
		{4BDB62E3-E4A0-4DC0-9423-B4E2B9599069}.Release|x86.Build.0 = Release|Any CPU
	EndGlobalSection
	GlobalSection(SolutionProperties) = preSolution
		HideSolutionNode = FALSE
	EndGlobalSection
	GlobalSection(NestedProjects) = preSolution
		{B11ED74A-8BC5-4C2B-A152-5AD1BA3243CC} = {827E0CD3-B72D-47B6-A68D-7590B98EB39B}
		{E8D7B89D-2E9D-445D-A49A-551D5D83C9A0} = {827E0CD3-B72D-47B6-A68D-7590B98EB39B}
		{163AE699-47B3-464A-A5E4-44AF3E48FC6B} = {827E0CD3-B72D-47B6-A68D-7590B98EB39B}
		{B67F768D-F521-4DDB-92A9-65AD14D38CAD} = {827E0CD3-B72D-47B6-A68D-7590B98EB39B}
		{FD0DF686-B8F4-4A0E-A049-2FF8C1C32CE5} = {0AB3BF05-4346-4AA6-1389-037BE0695223}
		{21B18EE6-9E5C-4CD1-9BD7-FDAF88870E0E} = {0AB3BF05-4346-4AA6-1389-037BE0695223}
		{4BDB62E3-E4A0-4DC0-9423-B4E2B9599069} = {0AB3BF05-4346-4AA6-1389-037BE0695223}
	EndGlobalSection
EndGlobal
